{
  "name": "rewind-workspace",
  "version": "0.1.0",
  "lockfileVersion": 2,
  "requires": true,
  "packages": {
    "packages": {
      "version": "0.1.0",
      "license": "ISC"
    },
    "": {
      "name": "rewind-workspace",
      "version": "0.1.0",
      "license": "GPLv3",
      "workspaces": [
        "packages"
      ]
    },
    "node_modules/packages": {
      "resolved": "packages",
      "link": true
    }
  },
  "dependencies": {
    "packages": {
      "version": "file:packages"
    }
  }
}
